
Microsoft Visual Studio Solution File, Format Version 12.00
# Visual Studio 15
VisualStudioVersion = 15.0.27004.2005
MinimumVisualStudioVersion = 10.0.40219.1
Project("{FAE04EC0-301F-11D3-BF4B-00C04F79EFBC}") = "Lab3", "Lab3\Lab3.csproj", "{996CC86A-52D3-4EF8-AE5F-7971DE0042EA}"
EndProject
Project("{2150E333-8FDC-42A3-9474-1A3956D46DE8}") = "Solution Items", "Solution Items", "{F4F1FE1C-6604-4CC6-BBF0-3FAEB380E8FC}"
	ProjectSection(SolutionItems) = preProject
		.gitignore = .gitignore
	EndProjectSection
EndProject
Global
	GlobalSection(SolutionConfigurationPlatforms) = preSolution
		Debug|Any CPU = Debug|Any CPU
		Release|Any CPU = Release|Any CPU
	EndGlobalSection
	GlobalSection(ProjectConfigurationPlatforms) = postSolution
		{996CC86A-52D3-4EF8-AE5F-7971DE0042EA}.Debug|Any CPU.ActiveCfg = Debug|Any CPU
		{996CC86A-52D3-4EF8-AE5F-7971DE0042EA}.Debug|Any CPU.Build.0 = Debug|Any CPU
		{996CC86A-52D3-4EF8-AE5F-7971DE0042EA}.Release|Any CPU.ActiveCfg = Release|Any CPU
		{996CC86A-52D3-4EF8-AE5F-7971DE0042EA}.Release|Any CPU.Build.0 = Release|Any CPU
	EndGlobalSection
	GlobalSection(SolutionProperties) = preSolution
		HideSolutionNode = FALSE
	EndGlobalSection
	GlobalSection(ExtensibilityGlobals) = postSolution
		SolutionGuid = {E44F7106-AC35-4F1C-BA00-FE2EA22F535E}
	EndGlobalSection
EndGlobal
